{
  "requires": true,
  "lockfileVersion": 1,
  "dependencies": {
    "@agm/core": {
      "version": "3.0.0-beta.0",
      "resolved": "https://registry.npmjs.org/@agm/core/-/core-3.0.0-beta.0.tgz",
      "integrity": "sha512-KNmKbe89Nen7s7+mX63RgX88jBfajUZCFqkHIQ8Fd+Lf/ko/IY6yw4kPh0iYGxgPVPjpsHJ06GZ5m3ZxpEVX9A==",
      "requires": {
        "tslib": "^2.0.0"
      }
    },
    "@angular/google-maps": {
      "version": "12.2.6",
      "resolved": "https://registry.npmjs.org/@angular/google-maps/-/google-maps-12.2.6.tgz",
      "integrity": "sha512-Cgz/htLVzpNhhZ9lf5oY9l5xgsfoln51yyl0tNtcQKZeKCA/i2GL3TXnD1PbVvb0SiXvvHAsdtO8w7FYVF7pLw==",
      "requires": {
        "@types/googlemaps": "^3.43.1",
        "tslib": "^2.2.0"
      }
    },
    "@types/googlemaps": {
      "version": "3.43.3",
      "resolved": "https://registry.npmjs.org/@types/googlemaps/-/googlemaps-3.43.3.tgz",
      "integrity": "sha512-ZWNoz/O8MPEpiajvj7QiqCY8tTLFNqNZ/a+s+zTV58wFVNAvvqV4bdGfnsjTb5Cs4V6wEsLrX8XRhmnyYJ2Tdg=="
    },
    "tslib": {
      "version": "2.3.1",
      "resolved": "https://registry.npmjs.org/tslib/-/tslib-2.3.1.tgz",
      "integrity": "sha512-77EbyPPpMz+FRFRuAFlWMtmgUWGe9UOG2Z25NqCwiIjRhOf5iKGuzSe5P2w1laq+FkRy4p+PCuVkJSGkzTEKVw=="
    }
  }
}
